
Microsoft Visual Studio Solution File, Format Version 12.00
# Visual Studio 15
Project("{FAE04EC0-301F-11D3-BF4B-00C04F79EFBC}") = "UnityEngine.TestRunner", "UnityEngine.TestRunner.csproj", "{02EEF486-A796-984F-7924-A3A0FFB356E2}"
EndProject
Project("{FAE04EC0-301F-11D3-BF4B-00C04F79EFBC}") = "Unity.InputSystem", "Unity.InputSystem.csproj", "{B784971A-3363-B8FB-2C84-15D383457376}"
EndProject
Project("{FAE04EC0-301F-11D3-BF4B-00C04F79EFBC}") = "Unity.TextMeshPro", "Unity.TextMeshPro.csproj", "{F5D39FDA-7831-5DEE-5C27-C671043130E4}"
EndProject
Project("{FAE04EC0-301F-11D3-BF4B-00C04F79EFBC}") = "Unity.Timeline", "Unity.Timeline.csproj", "{5C7CB142-FE5C-4878-C35C-ED67A010B718}"
EndProject
Project("{FAE04EC0-301F-11D3-BF4B-00C04F79EFBC}") = "Assembly-CSharp-firstpass", "Assembly-CSharp-firstpass.csproj", "{1358B4F5-CA8C-5E09-D838-5A9C7D22C4AC}"
EndProject
Project("{FAE04EC0-301F-11D3-BF4B-00C04F79EFBC}") = "UnityEditor.TestRunner", "UnityEditor.TestRunner.csproj", "{067BACB0-6E5F-86E2-AB05-19AF8DA34015}"
EndProject
Project("{FAE04EC0-301F-11D3-BF4B-00C04F79EFBC}") = "Unity.TextMeshPro.Editor", "Unity.TextMeshPro.Editor.csproj", "{944590AB-EBE3-DDB9-5313-7EC349F7C402}"
EndProject
Project("{FAE04EC0-301F-11D3-BF4B-00C04F79EFBC}") = "Unity.Timeline.Editor", "Unity.Timeline.Editor.csproj", "{FA2DF174-9F05-99A2-C4B9-C95621B87C7C}"
EndProject
Project("{FAE04EC0-301F-11D3-BF4B-00C04F79EFBC}") = "Unity.Rider.Editor", "Unity.Rider.Editor.csproj", "{278C310F-8466-A800-6CFB-AB9AF7382072}"
EndProject
Project("{FAE04EC0-301F-11D3-BF4B-00C04F79EFBC}") = "Unity.CollabProxy.Editor", "Unity.CollabProxy.Editor.csproj", "{F183AC6A-D252-82F4-2BD2-2BCAA225F62B}"
EndProject
Project("{FAE04EC0-301F-11D3-BF4B-00C04F79EFBC}") = "Unity.VSCode.Editor", "Unity.VSCode.Editor.csproj", "{E690098F-2403-4D0E-191D-9E75C289E4D7}"
EndProject
Global
	GlobalSection(SolutionConfigurationPlatforms) = preSolution
		Debug|Any CPU = Debug|Any CPU
		Release|Any CPU = Release|Any CPU
	EndGlobalSection
	GlobalSection(ProjectConfigurationPlatforms) = postSolution
		{02EEF486-A796-984F-7924-A3A0FFB356E2}.Debug|Any CPU.ActiveCfg = Debug|Any CPU
		{02EEF486-A796-984F-7924-A3A0FFB356E2}.Debug|Any CPU.Build.0 = Debug|Any CPU
		{02EEF486-A796-984F-7924-A3A0FFB356E2}.Release|Any CPU.ActiveCfg = Release|Any CPU
		{02EEF486-A796-984F-7924-A3A0FFB356E2}.Release|Any CPU.Build.0 = Release|Any CPU
		{B784971A-3363-B8FB-2C84-15D383457376}.Debug|Any CPU.ActiveCfg = Debug|Any CPU
		{B784971A-3363-B8FB-2C84-15D383457376}.Debug|Any CPU.Build.0 = Debug|Any CPU
		{B784971A-3363-B8FB-2C84-15D383457376}.Release|Any CPU.ActiveCfg = Release|Any CPU
		{B784971A-3363-B8FB-2C84-15D383457376}.Release|Any CPU.Build.0 = Release|Any CPU
		{F5D39FDA-7831-5DEE-5C27-C671043130E4}.Debug|Any CPU.ActiveCfg = Debug|Any CPU
		{F5D39FDA-7831-5DEE-5C27-C671043130E4}.Debug|Any CPU.Build.0 = Debug|Any CPU
		{F5D39FDA-7831-5DEE-5C27-C671043130E4}.Release|Any CPU.ActiveCfg = Release|Any CPU
		{F5D39FDA-7831-5DEE-5C27-C671043130E4}.Release|Any CPU.Build.0 = Release|Any CPU
		{5C7CB142-FE5C-4878-C35C-ED67A010B718}.Debug|Any CPU.ActiveCfg = Debug|Any CPU
		{5C7CB142-FE5C-4878-C35C-ED67A010B718}.Debug|Any CPU.Build.0 = Debug|Any CPU
		{5C7CB142-FE5C-4878-C35C-ED67A010B718}.Release|Any CPU.ActiveCfg = Release|Any CPU
		{5C7CB142-FE5C-4878-C35C-ED67A010B718}.Release|Any CPU.Build.0 = Release|Any CPU
		{1358B4F5-CA8C-5E09-D838-5A9C7D22C4AC}.Debug|Any CPU.ActiveCfg = Debug|Any CPU
		{1358B4F5-CA8C-5E09-D838-5A9C7D22C4AC}.Debug|Any CPU.Build.0 = Debug|Any CPU
		{1358B4F5-CA8C-5E09-D838-5A9C7D22C4AC}.Release|Any CPU.ActiveCfg = Release|Any CPU
		{1358B4F5-CA8C-5E09-D838-5A9C7D22C4AC}.Release|Any CPU.Build.0 = Release|Any CPU
		{067BACB0-6E5F-86E2-AB05-19AF8DA34015}.Debug|Any CPU.ActiveCfg = Debug|Any CPU
		{067BACB0-6E5F-86E2-AB05-19AF8DA34015}.Debug|Any CPU.Build.0 = Debug|Any CPU
		{067BACB0-6E5F-86E2-AB05-19AF8DA34015}.Release|Any CPU.ActiveCfg = Release|Any CPU
		{067BACB0-6E5F-86E2-AB05-19AF8DA34015}.Release|Any CPU.Build.0 = Release|Any CPU
		{944590AB-EBE3-DDB9-5313-7EC349F7C402}.Debug|Any CPU.ActiveCfg = Debug|Any CPU
		{944590AB-EBE3-DDB9-5313-7EC349F7C402}.Debug|Any CPU.Build.0 = Debug|Any CPU
		{944590AB-EBE3-DDB9-5313-7EC349F7C402}.Release|Any CPU.ActiveCfg = Release|Any CPU
		{944590AB-EBE3-DDB9-5313-7EC349F7C402}.Release|Any CPU.Build.0 = Release|Any CPU
		{FA2DF174-9F05-99A2-C4B9-C95621B87C7C}.Debug|Any CPU.ActiveCfg = Debug|Any CPU
		{FA2DF174-9F05-99A2-C4B9-C95621B87C7C}.Debug|Any CPU.Build.0 = Debug|Any CPU
		{FA2DF174-9F05-99A2-C4B9-C95621B87C7C}.Release|Any CPU.ActiveCfg = Release|Any CPU
		{FA2DF174-9F05-99A2-C4B9-C95621B87C7C}.Release|Any CPU.Build.0 = Release|Any CPU
		{278C310F-8466-A800-6CFB-AB9AF7382072}.Debug|Any CPU.ActiveCfg = Debug|Any CPU
		{278C310F-8466-A800-6CFB-AB9AF7382072}.Debug|Any CPU.Build.0 = Debug|Any CPU
		{278C310F-8466-A800-6CFB-AB9AF7382072}.Release|Any CPU.ActiveCfg = Release|Any CPU
		{278C310F-8466-A800-6CFB-AB9AF7382072}.Release|Any CPU.Build.0 = Release|Any CPU
		{F183AC6A-D252-82F4-2BD2-2BCAA225F62B}.Debug|Any CPU.ActiveCfg = Debug|Any CPU
		{F183AC6A-D252-82F4-2BD2-2BCAA225F62B}.Debug|Any CPU.Build.0 = Debug|Any CPU
		{F183AC6A-D252-82F4-2BD2-2BCAA225F62B}.Release|Any CPU.ActiveCfg = Release|Any CPU
		{F183AC6A-D252-82F4-2BD2-2BCAA225F62B}.Release|Any CPU.Build.0 = Release|Any CPU
		{E690098F-2403-4D0E-191D-9E75C289E4D7}.Debug|Any CPU.ActiveCfg = Debug|Any CPU
		{E690098F-2403-4D0E-191D-9E75C289E4D7}.Debug|Any CPU.Build.0 = Debug|Any CPU
		{E690098F-2403-4D0E-191D-9E75C289E4D7}.Release|Any CPU.ActiveCfg = Release|Any CPU
		{E690098F-2403-4D0E-191D-9E75C289E4D7}.Release|Any CPU.Build.0 = Release|Any CPU
	EndGlobalSection
	GlobalSection(SolutionProperties) = preSolution
		HideSolutionNode = FALSE
	EndGlobalSection
EndGlobal
